
Microsoft Visual Studio Solution File, Format Version 12.00
# Visual Studio 15
VisualStudioVersion = 15.0.27130.2027
MinimumVisualStudioVersion = 10.0.40219.1
Project("{2150E333-8FDC-42A3-9474-1A3956D46DE8}") = "Engine", "Engine", "{EA0D152C-907E-4F04-AB04-F27B80C7B2B7}"
EndProject
Project("{2150E333-8FDC-42A3-9474-1A3956D46DE8}") = "Games", "Games", "{15033695-7E66-487D-BB45-5432366EA4D3}"
EndProject
Project("{8BC9CEB8-8B4A-11D0-8D11-00A0C91BC942}") = "UE4", "Intermediate\ProjectFiles\UE4.vcxproj", "{2F1DB22A-A10A-4EA4-94A7-0459B43D9DAB}"
EndProject
Project("{8BC9CEB8-8B4A-11D0-8D11-00A0C91BC942}") = "CiProject", "Intermediate\ProjectFiles\CiProject.vcxproj", "{B67F8C9C-9B82-4148-945F-3FCAFA61E9DF}"
EndProject
Global
	GlobalSection(SolutionConfigurationPlatforms) = preSolution
		DebugGame Editor|HTML5 = DebugGame Editor|HTML5
		DebugGame Editor|Win32 = DebugGame Editor|Win32
		DebugGame Editor|Win64 = DebugGame Editor|Win64
		DebugGame|HTML5 = DebugGame|HTML5
		DebugGame|Win32 = DebugGame|Win32
		DebugGame|Win64 = DebugGame|Win64
		Development Editor|HTML5 = Development Editor|HTML5
		Development Editor|Win32 = Development Editor|Win32
		Development Editor|Win64 = Development Editor|Win64
		Development|HTML5 = Development|HTML5
		Development|Win32 = Development|Win32
		Development|Win64 = Development|Win64
		Shipping|HTML5 = Shipping|HTML5
		Shipping|Win32 = Shipping|Win32
		Shipping|Win64 = Shipping|Win64
	EndGlobalSection
	GlobalSection(ProjectConfigurationPlatforms) = postSolution
		{2F1DB22A-A10A-4EA4-94A7-0459B43D9DAB}.DebugGame Editor|HTML5.ActiveCfg = BuiltWithUnrealBuildTool|Win32
		{2F1DB22A-A10A-4EA4-94A7-0459B43D9DAB}.DebugGame Editor|HTML5.Build.0 = BuiltWithUnrealBuildTool|Win32
		{2F1DB22A-A10A-4EA4-94A7-0459B43D9DAB}.DebugGame Editor|Win32.ActiveCfg = BuiltWithUnrealBuildTool|Win32
		{2F1DB22A-A10A-4EA4-94A7-0459B43D9DAB}.DebugGame Editor|Win32.Build.0 = BuiltWithUnrealBuildTool|Win32
		{2F1DB22A-A10A-4EA4-94A7-0459B43D9DAB}.DebugGame Editor|Win64.ActiveCfg = BuiltWithUnrealBuildTool|Win32
		{2F1DB22A-A10A-4EA4-94A7-0459B43D9DAB}.DebugGame Editor|Win64.Build.0 = BuiltWithUnrealBuildTool|Win32
		{2F1DB22A-A10A-4EA4-94A7-0459B43D9DAB}.DebugGame|HTML5.ActiveCfg = BuiltWithUnrealBuildTool|Win32
		{2F1DB22A-A10A-4EA4-94A7-0459B43D9DAB}.DebugGame|HTML5.Build.0 = BuiltWithUnrealBuildTool|Win32
		{2F1DB22A-A10A-4EA4-94A7-0459B43D9DAB}.DebugGame|Win32.ActiveCfg = BuiltWithUnrealBuildTool|Win32
		{2F1DB22A-A10A-4EA4-94A7-0459B43D9DAB}.DebugGame|Win32.Build.0 = BuiltWithUnrealBuildTool|Win32
		{2F1DB22A-A10A-4EA4-94A7-0459B43D9DAB}.DebugGame|Win64.ActiveCfg = BuiltWithUnrealBuildTool|Win32
		{2F1DB22A-A10A-4EA4-94A7-0459B43D9DAB}.DebugGame|Win64.Build.0 = BuiltWithUnrealBuildTool|Win32
		{2F1DB22A-A10A-4EA4-94A7-0459B43D9DAB}.Development Editor|HTML5.ActiveCfg = BuiltWithUnrealBuildTool|Win32
		{2F1DB22A-A10A-4EA4-94A7-0459B43D9DAB}.Development Editor|HTML5.Build.0 = BuiltWithUnrealBuildTool|Win32
		{2F1DB22A-A10A-4EA4-94A7-0459B43D9DAB}.Development Editor|Win32.ActiveCfg = BuiltWithUnrealBuildTool|Win32
		{2F1DB22A-A10A-4EA4-94A7-0459B43D9DAB}.Development Editor|Win32.Build.0 = BuiltWithUnrealBuildTool|Win32
		{2F1DB22A-A10A-4EA4-94A7-0459B43D9DAB}.Development Editor|Win64.ActiveCfg = BuiltWithUnrealBuildTool|Win32
		{2F1DB22A-A10A-4EA4-94A7-0459B43D9DAB}.Development Editor|Win64.Build.0 = BuiltWithUnrealBuildTool|Win32
		{2F1DB22A-A10A-4EA4-94A7-0459B43D9DAB}.Development|HTML5.ActiveCfg = BuiltWithUnrealBuildTool|Win32
		{2F1DB22A-A10A-4EA4-94A7-0459B43D9DAB}.Development|HTML5.Build.0 = BuiltWithUnrealBuildTool|Win32
		{2F1DB22A-A10A-4EA4-94A7-0459B43D9DAB}.Development|Win32.ActiveCfg = BuiltWithUnrealBuildTool|Win32
		{2F1DB22A-A10A-4EA4-94A7-0459B43D9DAB}.Development|Win32.Build.0 = BuiltWithUnrealBuildTool|Win32
		{2F1DB22A-A10A-4EA4-94A7-0459B43D9DAB}.Development|Win64.ActiveCfg = BuiltWithUnrealBuildTool|Win32
		{2F1DB22A-A10A-4EA4-94A7-0459B43D9DAB}.Development|Win64.Build.0 = BuiltWithUnrealBuildTool|Win32
		{2F1DB22A-A10A-4EA4-94A7-0459B43D9DAB}.Shipping|HTML5.ActiveCfg = BuiltWithUnrealBuildTool|Win32
		{2F1DB22A-A10A-4EA4-94A7-0459B43D9DAB}.Shipping|HTML5.Build.0 = BuiltWithUnrealBuildTool|Win32
		{2F1DB22A-A10A-4EA4-94A7-0459B43D9DAB}.Shipping|Win32.ActiveCfg = BuiltWithUnrealBuildTool|Win32
		{2F1DB22A-A10A-4EA4-94A7-0459B43D9DAB}.Shipping|Win32.Build.0 = BuiltWithUnrealBuildTool|Win32
		{2F1DB22A-A10A-4EA4-94A7-0459B43D9DAB}.Shipping|Win64.ActiveCfg = BuiltWithUnrealBuildTool|Win32
		{2F1DB22A-A10A-4EA4-94A7-0459B43D9DAB}.Shipping|Win64.Build.0 = BuiltWithUnrealBuildTool|Win32
		{B67F8C9C-9B82-4148-945F-3FCAFA61E9DF}.DebugGame Editor|HTML5.ActiveCfg = HTML5_DebugGame_Editor|Win32
		{B67F8C9C-9B82-4148-945F-3FCAFA61E9DF}.DebugGame Editor|Win32.ActiveCfg = DebugGame_Editor|Win32
		{B67F8C9C-9B82-4148-945F-3FCAFA61E9DF}.DebugGame Editor|Win64.ActiveCfg = DebugGame_Editor|x64
		{B67F8C9C-9B82-4148-945F-3FCAFA61E9DF}.DebugGame Editor|Win64.Build.0 = DebugGame_Editor|x64
		{B67F8C9C-9B82-4148-945F-3FCAFA61E9DF}.DebugGame|HTML5.ActiveCfg = HTML5_DebugGame_Game|Win32
		{B67F8C9C-9B82-4148-945F-3FCAFA61E9DF}.DebugGame|HTML5.Build.0 = HTML5_DebugGame_Game|Win32
		{B67F8C9C-9B82-4148-945F-3FCAFA61E9DF}.DebugGame|Win32.ActiveCfg = DebugGame_Game|Win32
		{B67F8C9C-9B82-4148-945F-3FCAFA61E9DF}.DebugGame|Win32.Build.0 = DebugGame_Game|Win32
		{B67F8C9C-9B82-4148-945F-3FCAFA61E9DF}.DebugGame|Win64.ActiveCfg = DebugGame_Game|x64
		{B67F8C9C-9B82-4148-945F-3FCAFA61E9DF}.DebugGame|Win64.Build.0 = DebugGame_Game|x64
		{B67F8C9C-9B82-4148-945F-3FCAFA61E9DF}.Development Editor|HTML5.ActiveCfg = HTML5_Development_Editor|Win32
		{B67F8C9C-9B82-4148-945F-3FCAFA61E9DF}.Development Editor|Win32.ActiveCfg = Development_Editor|Win32
		{B67F8C9C-9B82-4148-945F-3FCAFA61E9DF}.Development Editor|Win64.ActiveCfg = Development_Editor|x64
		{B67F8C9C-9B82-4148-945F-3FCAFA61E9DF}.Development Editor|Win64.Build.0 = Development_Editor|x64
		{B67F8C9C-9B82-4148-945F-3FCAFA61E9DF}.Development|HTML5.ActiveCfg = HTML5_Development_Game|Win32
		{B67F8C9C-9B82-4148-945F-3FCAFA61E9DF}.Development|HTML5.Build.0 = HTML5_Development_Game|Win32
		{B67F8C9C-9B82-4148-945F-3FCAFA61E9DF}.Development|Win32.ActiveCfg = Development_Game|Win32
		{B67F8C9C-9B82-4148-945F-3FCAFA61E9DF}.Development|Win32.Build.0 = Development_Game|Win32
		{B67F8C9C-9B82-4148-945F-3FCAFA61E9DF}.Development|Win64.ActiveCfg = Development_Game|x64
		{B67F8C9C-9B82-4148-945F-3FCAFA61E9DF}.Development|Win64.Build.0 = Development_Game|x64
		{B67F8C9C-9B82-4148-945F-3FCAFA61E9DF}.Shipping|HTML5.ActiveCfg = HTML5_Shipping_Game|Win32
		{B67F8C9C-9B82-4148-945F-3FCAFA61E9DF}.Shipping|HTML5.Build.0 = HTML5_Shipping_Game|Win32
		{B67F8C9C-9B82-4148-945F-3FCAFA61E9DF}.Shipping|Win32.ActiveCfg = Shipping_Game|Win32
		{B67F8C9C-9B82-4148-945F-3FCAFA61E9DF}.Shipping|Win32.Build.0 = Shipping_Game|Win32
		{B67F8C9C-9B82-4148-945F-3FCAFA61E9DF}.Shipping|Win64.ActiveCfg = Shipping_Game|x64
		{B67F8C9C-9B82-4148-945F-3FCAFA61E9DF}.Shipping|Win64.Build.0 = Shipping_Game|x64
	EndGlobalSection
	GlobalSection(SolutionProperties) = preSolution
		HideSolutionNode = FALSE
	EndGlobalSection
	GlobalSection(NestedProjects) = preSolution
		{2F1DB22A-A10A-4EA4-94A7-0459B43D9DAB} = {EA0D152C-907E-4F04-AB04-F27B80C7B2B7}
		{B67F8C9C-9B82-4148-945F-3FCAFA61E9DF} = {15033695-7E66-487D-BB45-5432366EA4D3}
	EndGlobalSection
	GlobalSection(ExtensibilityGlobals) = postSolution
		SolutionGuid = {9EA03A49-EDC9-475D-B73A-083CF2E949A2}
	EndGlobalSection
EndGlobal
